
Microsoft Visual Studio Solution File, Format Version 12.00
# Visual Studio Version 17
VisualStudioVersion = 17.11.35303.130
MinimumVisualStudioVersion = 10.0.40219.1
Project("{FAE04EC0-301F-11D3-BF4B-00C04F79EFBC}") = "hw2", "hw2\hw2.csproj", "{7CF3B011-F618-4D92-A364-B70C6DC684B6}"
EndProject
Global
	GlobalSection(SolutionConfigurationPlatforms) = preSolution
		Debug|Any CPU = Debug|Any CPU
		Release|Any CPU = Release|Any CPU
	EndGlobalSection
	GlobalSection(ProjectConfigurationPlatforms) = postSolution
		{7CF3B011-F618-4D92-A364-B70C6DC684B6}.Debug|Any CPU.ActiveCfg = Debug|Any CPU
		{7CF3B011-F618-4D92-A364-B70C6DC684B6}.Debug|Any CPU.Build.0 = Debug|Any CPU
		{7CF3B011-F618-4D92-A364-B70C6DC684B6}.Release|Any CPU.ActiveCfg = Release|Any CPU
		{7CF3B011-F618-4D92-A364-B70C6DC684B6}.Release|Any CPU.Build.0 = Release|Any CPU
	EndGlobalSection
	GlobalSection(SolutionProperties) = preSolution
		HideSolutionNode = FALSE
	EndGlobalSection
	GlobalSection(ExtensibilityGlobals) = postSolution
		SolutionGuid = {1D81AA6D-CB02-4037-BA70-DFCC4C3F9F16}
	EndGlobalSection
EndGlobal
